// !$*UTF8*$!
{
	archiveVersion = 1;
	classes = {
	};
	objectVersion = 46;
	objects = {

/* Begin PBXBuildFile section */
		18380C681CF01F82009CE9BE /* GoogleService-Info.plist in Resources */ = {isa = PBXBuildFile; fileRef = 18380C671CF01F82009CE9BE /* GoogleService-Info.plist */; };
		1856F22C1CF01E1F002615F0 /* AppDelegate.swift in Sources */ = {isa = PBXBuildFile; fileRef = 1856F22B1CF01E1F002615F0 /* AppDelegate.swift */; };
		1856F22E1CF01E1F002615F0 /* MainViewController.swift in Sources */ = {isa = PBXBuildFile; fileRef = 1856F22D1CF01E1F002615F0 /* MainViewController.swift */; };
		1856F2311CF01E1F002615F0 /* Main.storyboard in Resources */ = {isa = PBXBuildFile; fileRef = 1856F22F1CF01E1F002615F0 /* Main.storyboard */; };
		1856F2331CF01E1F002615F0 /* Assets.xcassets in Resources */ = {isa = PBXBuildFile; fileRef = 1856F2321CF01E1F002615F0 /* Assets.xcassets */; };
		1856F2361CF01E1F002615F0 /* LaunchScreen.storyboard in Resources */ = {isa = PBXBuildFile; fileRef = 1856F2341CF01E1F002615F0 /* LaunchScreen.storyboard */; };
		1856F2411CF01E1F002615F0 /* HootsuiteChatTests.swift in Sources */ = {isa = PBXBuildFile; fileRef = 1856F2401CF01E1F002615F0 /* HootsuiteChatTests.swift */; };
		1862A26B1CF1286900A3BEDD /* Login.storyboard in Resources */ = {isa = PBXBuildFile; fileRef = 1862A26A1CF1286900A3BEDD /* Login.storyboard */; };
		1862A26E1CF12B7B00A3BEDD /* LoginController.swift in Sources */ = {isa = PBXBuildFile; fileRef = 1862A26D1CF12B7B00A3BEDD /* LoginController.swift */; };
		1862A2711CF201D000A3BEDD /* Models.swift in Sources */ = {isa = PBXBuildFile; fileRef = 1862A2701CF201D000A3BEDD /* Models.swift */; };
		1862A2741CF2024A00A3BEDD /* UITableView.swift in Sources */ = {isa = PBXBuildFile; fileRef = 1862A2731CF2024A00A3BEDD /* UITableView.swift */; };
		1862A2761CF2027500A3BEDD /* NSDate.swift in Sources */ = {isa = PBXBuildFile; fileRef = 1862A2751CF2027500A3BEDD /* NSDate.swift */; };
		1862A2781CF20FEA00A3BEDD /* UITableView+ChatRoomController.swift in Sources */ = {isa = PBXBuildFile; fileRef = 1862A2771CF20FEA00A3BEDD /* UITableView+ChatRoomController.swift */; };
		1862A27A1CF2110D00A3BEDD /* Keyboard+ChatRoomController.swift in Sources */ = {isa = PBXBuildFile; fileRef = 1862A2791CF2110D00A3BEDD /* Keyboard+ChatRoomController.swift */; };
		1862A27C1CF2116100A3BEDD /* UITextView+ChatRoomController.swift in Sources */ = {isa = PBXBuildFile; fileRef = 1862A27B1CF2116100A3BEDD /* UITextView+ChatRoomController.swift */; };
		187924511CF0373B003255F5 /* ChatRoom.storyboard in Resources */ = {isa = PBXBuildFile; fileRef = 187924501CF0373B003255F5 /* ChatRoom.storyboard */; };
		187924531CF03A86003255F5 /* ChatRoomController.swift in Sources */ = {isa = PBXBuildFile; fileRef = 187924521CF03A86003255F5 /* ChatRoomController.swift */; };
		187924551CF09734003255F5 /* ChannelCell.swift in Sources */ = {isa = PBXBuildFile; fileRef = 187924541CF09734003255F5 /* ChannelCell.swift */; };
		187924581CF0C493003255F5 /* ChatTextCell.swift in Sources */ = {isa = PBXBuildFile; fileRef = 187924571CF0C493003255F5 /* ChatTextCell.swift */; };
		429EB8924CD6482957E7E11D /* libPods-HootsuiteChat.a in Frameworks */ = {isa = PBXBuildFile; fileRef = 64143299E99082A9E017B543 /* libPods-HootsuiteChat.a */; };
/* End PBXBuildFile section */

/* Begin PBXContainerItemProxy section */
		1856F23D1CF01E1F002615F0 /* PBXContainerItemProxy */ = {
			isa = PBXContainerItemProxy;
			containerPortal = 1856F2201CF01E1F002615F0 /* Project object */;
			proxyType = 1;
			remoteGlobalIDString = 1856F2271CF01E1F002615F0;
			remoteInfo = HootsuiteChat;
		};
/* End PBXContainerItemProxy section */

/* Begin PBXFileReference section */
		18380C671CF01F82009CE9BE /* GoogleService-Info.plist */ = {isa = PBXFileReference; fileEncoding = 4; lastKnownFileType = text.plist.xml; path = "GoogleService-Info.plist"; sourceTree = "<group>"; };
		1856F2281CF01E1F002615F0 /* HootsuiteChat.app */ = {isa = PBXFileReference; explicitFileType = wrapper.application; includeInIndex = 0; path = HootsuiteChat.app; sourceTree = BUILT_PRODUCTS_DIR; };
		1856F22B1CF01E1F002615F0 /* AppDelegate.swift */ = {isa = PBXFileReference; lastKnownFileType = sourcecode.swift; path = AppDelegate.swift; sourceTree = "<group>"; };
		1856F22D1CF01E1F002615F0 /* MainViewController.swift */ = {isa = PBXFileReference; lastKnownFileType = sourcecode.swift; path = MainViewController.swift; sourceTree = "<group>"; };
		1856F2301CF01E1F002615F0 /* Base */ = {isa = PBXFileReference; lastKnownFileType = file.storyboard; name = Base; path = Base.lproj/Main.storyboard; sourceTree = "<group>"; };
		1856F2321CF01E1F002615F0 /* Assets.xcassets */ = {isa = PBXFileReference; lastKnownFileType = folder.assetcatalog; path = Assets.xcassets; sourceTree = "<group>"; };
		1856F2351CF01E1F002615F0 /* Base */ = {isa = PBXFileReference; lastKnownFileType = file.storyboard; name = Base; path = Base.lproj/LaunchScreen.storyboard; sourceTree = "<group>"; };
		1856F2371CF01E1F002615F0 /* Info.plist */ = {isa = PBXFileReference; lastKnownFileType = text.plist.xml; path = Info.plist; sourceTree = "<group>"; };
		1856F23C1CF01E1F002615F0 /* HootsuiteChatTests.xctest */ = {isa = PBXFileReference; explicitFileType = wrapper.cfbundle; includeInIndex = 0; path = HootsuiteChatTests.xctest; sourceTree = BUILT_PRODUCTS_DIR; };
		1856F2401CF01E1F002615F0 /* HootsuiteChatTests.swift */ = {isa = PBXFileReference; lastKnownFileType = sourcecode.swift; path = HootsuiteChatTests.swift; sourceTree = "<group>"; };
		1856F2421CF01E1F002615F0 /* Info.plist */ = {isa = PBXFileReference; lastKnownFileType = text.plist.xml; path = Info.plist; sourceTree = "<group>"; };
		1862A2691CF11E7A00A3BEDD /* HootsuiteChat-Bridging-Header.h */ = {isa = PBXFileReference; lastKnownFileType = sourcecode.c.h; path = "HootsuiteChat-Bridging-Header.h"; sourceTree = "<group>"; };
		1862A26A1CF1286900A3BEDD /* Login.storyboard */ = {isa = PBXFileReference; fileEncoding = 4; lastKnownFileType = file.storyboard; path = Login.storyboard; sourceTree = "<group>"; };
		1862A26D1CF12B7B00A3BEDD /* LoginController.swift */ = {isa = PBXFileReference; fileEncoding = 4; lastKnownFileType = sourcecode.swift; path = LoginController.swift; sourceTree = "<group>"; };
		1862A2701CF201D000A3BEDD /* Models.swift */ = {isa = PBXFileReference; fileEncoding = 4; lastKnownFileType = sourcecode.swift; path = Models.swift; sourceTree = "<group>"; };
		1862A2731CF2024A00A3BEDD /* UITableView.swift */ = {isa = PBXFileReference; fileEncoding = 4; lastKnownFileType = sourcecode.swift; path = UITableView.swift; sourceTree = "<group>"; };
		1862A2751CF2027500A3BEDD /* NSDate.swift */ = {isa = PBXFileReference; fileEncoding = 4; lastKnownFileType = sourcecode.swift; path = NSDate.swift; sourceTree = "<group>"; };
		1862A2771CF20FEA00A3BEDD /* UITableView+ChatRoomController.swift */ = {isa = PBXFileReference; fileEncoding = 4; lastKnownFileType = sourcecode.swift; path = "UITableView+ChatRoomController.swift"; sourceTree = "<group>"; };
		1862A2791CF2110D00A3BEDD /* Keyboard+ChatRoomController.swift */ = {isa = PBXFileReference; fileEncoding = 4; lastKnownFileType = sourcecode.swift; path = "Keyboard+ChatRoomController.swift"; sourceTree = "<group>"; };
		1862A27B1CF2116100A3BEDD /* UITextView+ChatRoomController.swift */ = {isa = PBXFileReference; fileEncoding = 4; lastKnownFileType = sourcecode.swift; path = "UITextView+ChatRoomController.swift"; sourceTree = "<group>"; };
		187924501CF0373B003255F5 /* ChatRoom.storyboard */ = {isa = PBXFileReference; fileEncoding = 4; lastKnownFileType = file.storyboard; path = ChatRoom.storyboard; sourceTree = "<group>"; };
		187924521CF03A86003255F5 /* ChatRoomController.swift */ = {isa = PBXFileReference; fileEncoding = 4; lastKnownFileType = sourcecode.swift; path = ChatRoomController.swift; sourceTree = "<group>"; };
		187924541CF09734003255F5 /* ChannelCell.swift */ = {isa = PBXFileReference; fileEncoding = 4; lastKnownFileType = sourcecode.swift; path = ChannelCell.swift; sourceTree = "<group>"; };
		187924571CF0C493003255F5 /* ChatTextCell.swift */ = {isa = PBXFileReference; fileEncoding = 4; lastKnownFileType = sourcecode.swift; path = ChatTextCell.swift; sourceTree = "<group>"; };
		372034103B5FAA7782563104 /* Pods-HootsuiteChat.debug.xcconfig */ = {isa = PBXFileReference; includeInIndex = 1; lastKnownFileType = text.xcconfig; name = "Pods-HootsuiteChat.debug.xcconfig"; path = "Pods/Target Support Files/Pods-HootsuiteChat/Pods-HootsuiteChat.debug.xcconfig"; sourceTree = "<group>"; };
		64143299E99082A9E017B543 /* libPods-HootsuiteChat.a */ = {isa = PBXFileReference; explicitFileType = archive.ar; includeInIndex = 0; path = "libPods-HootsuiteChat.a"; sourceTree = BUILT_PRODUCTS_DIR; };
		DF6BFEDE4B37FDD9B8392855 /* Pods-HootsuiteChat.release.xcconfig */ = {isa = PBXFileReference; includeInIndex = 1; lastKnownFileType = text.xcconfig; name = "Pods-HootsuiteChat.release.xcconfig"; path = "Pods/Target Support Files/Pods-HootsuiteChat/Pods-HootsuiteChat.release.xcconfig"; sourceTree = "<group>"; };
/* End PBXFileReference section */

/* Begin PBXFrameworksBuildPhase section */
		1856F2251CF01E1F002615F0 /* Frameworks */ = {
			isa = PBXFrameworksBuildPhase;
			buildActionMask = 2147483647;
			files = (
				429EB8924CD6482957E7E11D /* libPods-HootsuiteChat.a in Frameworks */,
			);
			runOnlyForDeploymentPostprocessing = 0;
		};
		1856F2391CF01E1F002615F0 /* Frameworks */ = {
			isa = PBXFrameworksBuildPhase;
			buildActionMask = 2147483647;
			files = (
			);
			runOnlyForDeploymentPostprocessing = 0;
		};
/* End PBXFrameworksBuildPhase section */

/* Begin PBXGroup section */
		18380C691CF0202C009CE9BE /* Controllers */ = {
			isa = PBXGroup;
			children = (
				1862A2721CF2022300A3BEDD /* Extension */,
				1862A26F1CF201BE00A3BEDD /* Model */,
				1862A26C1CF12B6800A3BEDD /* Login */,
				187924561CF0B53C003255F5 /* ChatRoom */,
				18380C6B1CF022CE009CE9BE /* Main */,
			);
			name = Controllers;
			sourceTree = "<group>";
		};
		18380C6A1CF0203C009CE9BE /* Storyboards */ = {
			isa = PBXGroup;
			children = (
				1856F22F1CF01E1F002615F0 /* Main.storyboard */,
				1856F2341CF01E1F002615F0 /* LaunchScreen.storyboard */,
				187924501CF0373B003255F5 /* ChatRoom.storyboard */,
				1862A26A1CF1286900A3BEDD /* Login.storyboard */,
			);
			name = Storyboards;
			sourceTree = "<group>";
		};
		18380C6B1CF022CE009CE9BE /* Main */ = {
			isa = PBXGroup;
			children = (
				1856F22D1CF01E1F002615F0 /* MainViewController.swift */,
				187924541CF09734003255F5 /* ChannelCell.swift */,
			);
			name = Main;
			sourceTree = "<group>";
		};
		1856F21F1CF01E1F002615F0 = {
			isa = PBXGroup;
			children = (
				1856F22A1CF01E1F002615F0 /* HootsuiteChat */,
				1856F23F1CF01E1F002615F0 /* HootsuiteChatTests */,
				1856F2291CF01E1F002615F0 /* Products */,
				4FCDDC19F9974ECD0B8F7FF7 /* Pods */,
				34A4DFAC2CB57285911DEC02 /* Frameworks */,
			);
			sourceTree = "<group>";
		};
		1856F2291CF01E1F002615F0 /* Products */ = {
			isa = PBXGroup;
			children = (
				1856F2281CF01E1F002615F0 /* HootsuiteChat.app */,
				1856F23C1CF01E1F002615F0 /* HootsuiteChatTests.xctest */,
			);
			name = Products;
			sourceTree = "<group>";
		};
		1856F22A1CF01E1F002615F0 /* HootsuiteChat */ = {
			isa = PBXGroup;
			children = (
				18380C6A1CF0203C009CE9BE /* Storyboards */,
				18380C691CF0202C009CE9BE /* Controllers */,
				1856F22B1CF01E1F002615F0 /* AppDelegate.swift */,
				1856F2321CF01E1F002615F0 /* Assets.xcassets */,
				1856F2371CF01E1F002615F0 /* Info.plist */,
				18380C671CF01F82009CE9BE /* GoogleService-Info.plist */,
				1862A2691CF11E7A00A3BEDD /* HootsuiteChat-Bridging-Header.h */,
			);
			path = HootsuiteChat;
			sourceTree = "<group>";
		};
		1856F23F1CF01E1F002615F0 /* HootsuiteChatTests */ = {
			isa = PBXGroup;
			children = (
				1856F2401CF01E1F002615F0 /* HootsuiteChatTests.swift */,
				1856F2421CF01E1F002615F0 /* Info.plist */,
			);
			path = HootsuiteChatTests;
			sourceTree = "<group>";
		};
		1862A26C1CF12B6800A3BEDD /* Login */ = {
			isa = PBXGroup;
			children = (
				1862A26D1CF12B7B00A3BEDD /* LoginController.swift */,
			);
			name = Login;
			sourceTree = "<group>";
		};
		1862A26F1CF201BE00A3BEDD /* Model */ = {
			isa = PBXGroup;
			children = (
				1862A2701CF201D000A3BEDD /* Models.swift */,
			);
			name = Model;
			sourceTree = "<group>";
		};
		1862A2721CF2022300A3BEDD /* Extension */ = {
			isa = PBXGroup;
			children = (
				1862A2731CF2024A00A3BEDD /* UITableView.swift */,
				1862A2751CF2027500A3BEDD /* NSDate.swift */,
			);
			name = Extension;
			sourceTree = "<group>";
		};
		187924561CF0B53C003255F5 /* ChatRoom */ = {
			isa = PBXGroup;
			children = (
				187924521CF03A86003255F5 /* ChatRoomController.swift */,
				187924571CF0C493003255F5 /* ChatTextCell.swift */,
				1862A2771CF20FEA00A3BEDD /* UITableView+ChatRoomController.swift */,
				1862A2791CF2110D00A3BEDD /* Keyboard+ChatRoomController.swift */,
				1862A27B1CF2116100A3BEDD /* UITextView+ChatRoomController.swift */,
			);
			name = ChatRoom;
			sourceTree = "<group>";
		};
		34A4DFAC2CB57285911DEC02 /* Frameworks */ = {
			isa = PBXGroup;
			children = (
				64143299E99082A9E017B543 /* libPods-HootsuiteChat.a */,
			);
			name = Frameworks;
			sourceTree = "<group>";
		};
		4FCDDC19F9974ECD0B8F7FF7 /* Pods */ = {
			isa = PBXGroup;
			children = (
				372034103B5FAA7782563104 /* Pods-HootsuiteChat.debug.xcconfig */,
				DF6BFEDE4B37FDD9B8392855 /* Pods-HootsuiteChat.release.xcconfig */,
			);
			name = Pods;
			sourceTree = "<group>";
		};
/* End PBXGroup section */

/* Begin PBXNativeTarget section */
		1856F2271CF01E1F002615F0 /* HootsuiteChat */ = {
			isa = PBXNativeTarget;
			buildConfigurationList = 1856F2451CF01E1F002615F0 /* Build configuration list for PBXNativeTarget "HootsuiteChat" */;
			buildPhases = (
				F369259741FC7B53B21F50A5 /* Check Pods Manifest.lock */,
				1856F2241CF01E1F002615F0 /* Sources */,
				1856F2251CF01E1F002615F0 /* Frameworks */,
				1856F2261CF01E1F002615F0 /* Resources */,
				D21C44A7ABF35F91AD4C383E /* Embed Pods Frameworks */,
				21CD9900926321A975AE1517 /* Copy Pods Resources */,
			);
			buildRules = (
			);
			dependencies = (
			);
			name = HootsuiteChat;
			productName = HootsuiteChat;
			productReference = 1856F2281CF01E1F002615F0 /* HootsuiteChat.app */;
			productType = "com.apple.product-type.application";
		};
		1856F23B1CF01E1F002615F0 /* HootsuiteChatTests */ = {
			isa = PBXNativeTarget;
			buildConfigurationList = 1856F2481CF01E1F002615F0 /* Build configuration list for PBXNativeTarget "HootsuiteChatTests" */;
			buildPhases = (
				1856F2381CF01E1F002615F0 /* Sources */,
				1856F2391CF01E1F002615F0 /* Frameworks */,
				1856F23A1CF01E1F002615F0 /* Resources */,
			);
			buildRules = (
			);
			dependencies = (
				1856F23E1CF01E1F002615F0 /* PBXTargetDependency */,
			);
			name = HootsuiteChatTests;
			productName = HootsuiteChatTests;
			productReference = 1856F23C1CF01E1F002615F0 /* HootsuiteChatTests.xctest */;
			productType = "com.apple.product-type.bundle.unit-test";
		};
/* End PBXNativeTarget section */

/* Begin PBXProject section */
		1856F2201CF01E1F002615F0 /* Project object */ = {
			isa = PBXProject;
			attributes = {
				LastSwiftUpdateCheck = 0730;
				LastUpgradeCheck = 0730;
				ORGANIZATIONNAME = "Rodrigo Reis";
				TargetAttributes = {
					1856F2271CF01E1F002615F0 = {
						CreatedOnToolsVersion = 7.3.1;
					};
					1856F23B1CF01E1F002615F0 = {
						CreatedOnToolsVersion = 7.3.1;
						TestTargetID = 1856F2271CF01E1F002615F0;
					};
				};
			};
			buildConfigurationList = 1856F2231CF01E1F002615F0 /* Build configuration list for PBXProject "HootsuiteChat" */;
			compatibilityVersion = "Xcode 3.2";
			developmentRegion = English;
			hasScannedForEncodings = 0;
			knownRegions = (
				en,
				Base,
			);
			mainGroup = 1856F21F1CF01E1F002615F0;
			productRefGroup = 1856F2291CF01E1F002615F0 /* Products */;
			projectDirPath = "";
			projectRoot = "";
			targets = (
				1856F2271CF01E1F002615F0 /* HootsuiteChat */,
				1856F23B1CF01E1F002615F0 /* HootsuiteChatTests */,
			);
		};
/* End PBXProject section */

/* Begin PBXResourcesBuildPhase section */
		1856F2261CF01E1F002615F0 /* Resources */ = {
			isa = PBXResourcesBuildPhase;
			buildActionMask = 2147483647;
			files = (
				1856F2361CF01E1F002615F0 /* LaunchScreen.storyboard in Resources */,
				187924511CF0373B003255F5 /* ChatRoom.storyboard in Resources */,
				18380C681CF01F82009CE9BE /* GoogleService-Info.plist in Resources */,
				1856F2331CF01E1F002615F0 /* Assets.xcassets in Resources */,
				1856F2311CF01E1F002615F0 /* Main.storyboard in Resources */,
				1862A26B1CF1286900A3BEDD /* Login.storyboard in Resources */,
			);
			runOnlyForDeploymentPostprocessing = 0;
		};
		1856F23A1CF01E1F002615F0 /* Resources */ = {
			isa = PBXResourcesBuildPhase;
			buildActionMask = 2147483647;
			files = (
			);
			runOnlyForDeploymentPostprocessing = 0;
		};
/* End PBXResourcesBuildPhase section */

/* Begin PBXShellScriptBuildPhase section */
		21CD9900926321A975AE1517 /* Copy Pods Resources */ = {
			isa = PBXShellScriptBuildPhase;
			buildActionMask = 2147483647;
			files = (
			);
			inputPaths = (
			);
			name = "Copy Pods Resources";
			outputPaths = (
			);
			runOnlyForDeploymentPostprocessing = 0;
			shellPath = /bin/sh;
			shellScript = "\"${SRCROOT}/Pods/Target Support Files/Pods-HootsuiteChat/Pods-HootsuiteChat-resources.sh\"\n";
			showEnvVarsInLog = 0;
		};
		D21C44A7ABF35F91AD4C383E /* Embed Pods Frameworks */ = {
			isa = PBXShellScriptBuildPhase;
			buildActionMask = 2147483647;
			files = (
			);
			inputPaths = (
			);
			name = "Embed Pods Frameworks";
			outputPaths = (
			);
			runOnlyForDeploymentPostprocessing = 0;
			shellPath = /bin/sh;
			shellScript = "\"${SRCROOT}/Pods/Target Support Files/Pods-HootsuiteChat/Pods-HootsuiteChat-frameworks.sh\"\n";
			showEnvVarsInLog = 0;
		};
		F369259741FC7B53B21F50A5 /* Check Pods Manifest.lock */ = {
			isa = PBXShellScriptBuildPhase;
			buildActionMask = 2147483647;
			files = (
			);
			inputPaths = (
			);
			name = "Check Pods Manifest.lock";
			outputPaths = (
			);
			runOnlyForDeploymentPostprocessing = 0;
			shellPath = /bin/sh;
			shellScript = "diff \"${PODS_ROOT}/../Podfile.lock\" \"${PODS_ROOT}/Manifest.lock\" > /dev/null\nif [[ $? != 0 ]] ; then\n    cat << EOM\nerror: The sandbox is not in sync with the Podfile.lock. Run 'pod install' or update your CocoaPods installation.\nEOM\n    exit 1\nfi\n";
			showEnvVarsInLog = 0;
		};
/* End PBXShellScriptBuildPhase section */

/* Begin PBXSourcesBuildPhase section */
		1856F2241CF01E1F002615F0 /* Sources */ = {
			isa = PBXSourcesBuildPhase;
			buildActionMask = 2147483647;
			files = (
				187924581CF0C493003255F5 /* ChatTextCell.swift in Sources */,
				1862A26E1CF12B7B00A3BEDD /* LoginController.swift in Sources */,
				1856F22E1CF01E1F002615F0 /* MainViewController.swift in Sources */,
				187924551CF09734003255F5 /* ChannelCell.swift in Sources */,
				1862A2761CF2027500A3BEDD /* NSDate.swift in Sources */,
				187924531CF03A86003255F5 /* ChatRoomController.swift in Sources */,
				1862A2741CF2024A00A3BEDD /* UITableView.swift in Sources */,
				1862A27A1CF2110D00A3BEDD /* Keyboard+ChatRoomController.swift in Sources */,
				1862A27C1CF2116100A3BEDD /* UITextView+ChatRoomController.swift in Sources */,
				1856F22C1CF01E1F002615F0 /* AppDelegate.swift in Sources */,
				1862A2781CF20FEA00A3BEDD /* UITableView+ChatRoomController.swift in Sources */,
				1862A2711CF201D000A3BEDD /* Models.swift in Sources */,
			);
			runOnlyForDeploymentPostprocessing = 0;
		};
		1856F2381CF01E1F002615F0 /* Sources */ = {
			isa = PBXSourcesBuildPhase;
			buildActionMask = 2147483647;
			files = (
				1856F2411CF01E1F002615F0 /* HootsuiteChatTests.swift in Sources */,
			);
			runOnlyForDeploymentPostprocessing = 0;
		};
/* End PBXSourcesBuildPhase section */

/* Begin PBXTargetDependency section */
		1856F23E1CF01E1F002615F0 /* PBXTargetDependency */ = {
			isa = PBXTargetDependency;
			target = 1856F2271CF01E1F002615F0 /* HootsuiteChat */;
			targetProxy = 1856F23D1CF01E1F002615F0 /* PBXContainerItemProxy */;
		};
/* End PBXTargetDependency section */

/* Begin PBXVariantGroup section */
		1856F22F1CF01E1F002615F0 /* Main.storyboard */ = {
			isa = PBXVariantGroup;
			children = (
				1856F2301CF01E1F002615F0 /* Base */,
			);
			name = Main.storyboard;
			sourceTree = "<group>";
		};
		1856F2341CF01E1F002615F0 /* LaunchScreen.storyboard */ = {
			isa = PBXVariantGroup;
			children = (
				1856F2351CF01E1F002615F0 /* Base */,
			);
			name = LaunchScreen.storyboard;
			sourceTree = "<group>";
		};
/* End PBXVariantGroup section */

/* Begin XCBuildConfiguration section */
		1856F2431CF01E1F002615F0 /* Debug */ = {
			isa = XCBuildConfiguration;
			buildSettings = {
				ALWAYS_SEARCH_USER_PATHS = NO;
				CLANG_ANALYZER_NONNULL = YES;
				CLANG_CXX_LANGUAGE_STANDARD = "gnu++0x";
				CLANG_CXX_LIBRARY = "libc++";
				CLANG_ENABLE_MODULES = YES;
				CLANG_ENABLE_OBJC_ARC = YES;
				CLANG_WARN_BOOL_CONVERSION = YES;
				CLANG_WARN_CONSTANT_CONVERSION = YES;
				CLANG_WARN_DIRECT_OBJC_ISA_USAGE = YES_ERROR;
				CLANG_WARN_EMPTY_BODY = YES;
				CLANG_WARN_ENUM_CONVERSION = YES;
				CLANG_WARN_INT_CONVERSION = YES;
				CLANG_WARN_OBJC_ROOT_CLASS = YES_ERROR;
				CLANG_WARN_UNREACHABLE_CODE = YES;
				CLANG_WARN__DUPLICATE_METHOD_MATCH = YES;
				"CODE_SIGN_IDENTITY[sdk=iphoneos*]" = "iPhone Developer";
				COPY_PHASE_STRIP = NO;
				DEBUG_INFORMATION_FORMAT = dwarf;
				ENABLE_STRICT_OBJC_MSGSEND = YES;
				ENABLE_TESTABILITY = YES;
				GCC_C_LANGUAGE_STANDARD = gnu99;
				GCC_DYNAMIC_NO_PIC = NO;
				GCC_NO_COMMON_BLOCKS = YES;
				GCC_OPTIMIZATION_LEVEL = 0;
				GCC_PREPROCESSOR_DEFINITIONS = (
					"DEBUG=1",
					"$(inherited)",
				);
				GCC_WARN_64_TO_32_BIT_CONVERSION = YES;
				GCC_WARN_ABOUT_RETURN_TYPE = YES_ERROR;
				GCC_WARN_UNDECLARED_SELECTOR = YES;
				GCC_WARN_UNINITIALIZED_AUTOS = YES_AGGRESSIVE;
				GCC_WARN_UNUSED_FUNCTION = YES;
				GCC_WARN_UNUSED_VARIABLE = YES;
				IPHONEOS_DEPLOYMENT_TARGET = 9.3;
				MTL_ENABLE_DEBUG_INFO = YES;
				ONLY_ACTIVE_ARCH = YES;
				SDKROOT = iphoneos;
				SWIFT_OPTIMIZATION_LEVEL = "-Onone";
			};
			name = Debug;
		};
		1856F2441CF01E1F002615F0 /* Release */ = {
			isa = XCBuildConfiguration;
			buildSettings = {
				ALWAYS_SEARCH_USER_PATHS = NO;
				CLANG_ANALYZER_NONNULL = YES;
				CLANG_CXX_LANGUAGE_STANDARD = "gnu++0x";
				CLANG_CXX_LIBRARY = "libc++";
				CLANG_ENABLE_MODULES = YES;
				CLANG_ENABLE_OBJC_ARC = YES;
				CLANG_WARN_BOOL_CONVERSION = YES;
				CLANG_WARN_CONSTANT_CONVERSION = YES;
				CLANG_WARN_DIRECT_OBJC_ISA_USAGE = YES_ERROR;
				CLANG_WARN_EMPTY_BODY = YES;
				CLANG_WARN_ENUM_CONVERSION = YES;
				CLANG_WARN_INT_CONVERSION = YES;
				CLANG_WARN_OBJC_ROOT_CLASS = YES_ERROR;
				CLANG_WARN_UNREACHABLE_CODE = YES;
				CLANG_WARN__DUPLICATE_METHOD_MATCH = YES;
				"CODE_SIGN_IDENTITY[sdk=iphoneos*]" = "iPhone Developer";
				COPY_PHASE_STRIP = NO;
				DEBUG_INFORMATION_FORMAT = "dwarf-with-dsym";
				ENABLE_NS_ASSERTIONS = NO;
				ENABLE_STRICT_OBJC_MSGSEND = YES;
				GCC_C_LANGUAGE_STANDARD = gnu99;
				GCC_NO_COMMON_BLOCKS = YES;
				GCC_WARN_64_TO_32_BIT_CONVERSION = YES;
				GCC_WARN_ABOUT_RETURN_TYPE = YES_ERROR;
				GCC_WARN_UNDECLARED_SELECTOR = YES;
				GCC_WARN_UNINITIALIZED_AUTOS = YES_AGGRESSIVE;
				GCC_WARN_UNUSED_FUNCTION = YES;
				GCC_WARN_UNUSED_VARIABLE = YES;
				IPHONEOS_DEPLOYMENT_TARGET = 9.3;
				MTL_ENABLE_DEBUG_INFO = NO;
				SDKROOT = iphoneos;
				VALIDATE_PRODUCT = YES;
			};
			name = Release;
		};
		1856F2461CF01E1F002615F0 /* Debug */ = {
			isa = XCBuildConfiguration;
			baseConfigurationReference = 372034103B5FAA7782563104 /* Pods-HootsuiteChat.debug.xcconfig */;
			buildSettings = {
				ASSETCATALOG_COMPILER_APPICON_NAME = AppIcon;
				INFOPLIST_FILE = HootsuiteChat/Info.plist;
				LD_RUNPATH_SEARCH_PATHS = "$(inherited) @executable_path/Frameworks";
				PRODUCT_BUNDLE_IDENTIFIER = br.com.reis.HootsuiteChat;
				PRODUCT_NAME = "$(TARGET_NAME)";
				SWIFT_OBJC_BRIDGING_HEADER = "HootsuiteChat/HootsuiteChat-Bridging-Header.h";
			};
			name = Debug;
		};
		1856F2471CF01E1F002615F0 /* Release */ = {
			isa = XCBuildConfiguration;
			baseConfigurationReference = DF6BFEDE4B37FDD9B8392855 /* Pods-HootsuiteChat.release.xcconfig */;
			buildSettings = {
				ASSETCATALOG_COMPILER_APPICON_NAME = AppIcon;
				INFOPLIST_FILE = HootsuiteChat/Info.plist;
				LD_RUNPATH_SEARCH_PATHS = "$(inherited) @executable_path/Frameworks";
				PRODUCT_BUNDLE_IDENTIFIER = br.com.reis.HootsuiteChat;
				PRODUCT_NAME = "$(TARGET_NAME)";
				SWIFT_OBJC_BRIDGING_HEADER = "HootsuiteChat/HootsuiteChat-Bridging-Header.h";
			};
			name = Release;
		};
		1856F2491CF01E1F002615F0 /* Debug */ = {
			isa = XCBuildConfiguration;
			buildSettings = {
				BUNDLE_LOADER = "$(TEST_HOST)";
				INFOPLIST_FILE = HootsuiteChatTests/Info.plist;
				LD_RUNPATH_SEARCH_PATHS = "$(inherited) @executable_path/Frameworks @loader_path/Frameworks";
				PRODUCT_BUNDLE_IDENTIFIER = br.com.reis.HootsuiteChatTests;
				PRODUCT_NAME = "$(TARGET_NAME)";
				TEST_HOST = "$(BUILT_PRODUCTS_DIR)/HootsuiteChat.app/HootsuiteChat";
			};
			name = Debug;
		};
		1856F24A1CF01E1F002615F0 /* Release */ = {
			isa = XCBuildConfiguration;
			buildSettings = {
				BUNDLE_LOADER = "$(TEST_HOST)";
				INFOPLIST_FILE = HootsuiteChatTests/Info.plist;
				LD_RUNPATH_SEARCH_PATHS = "$(inherited) @executable_path/Frameworks @loader_path/Frameworks";
				PRODUCT_BUNDLE_IDENTIFIER = br.com.reis.HootsuiteChatTests;
				PRODUCT_NAME = "$(TARGET_NAME)";
				TEST_HOST = "$(BUILT_PRODUCTS_DIR)/HootsuiteChat.app/HootsuiteChat";
			};
			name = Release;
		};
/* End XCBuildConfiguration section */

/* Begin XCConfigurationList section */
		1856F2231CF01E1F002615F0 /* Build configuration list for PBXProject "HootsuiteChat" */ = {
			isa = XCConfigurationList;
			buildConfigurations = (
				1856F2431CF01E1F002615F0 /* Debug */,
				1856F2441CF01E1F002615F0 /* Release */,
			);
			defaultConfigurationIsVisible = 0;
			defaultConfigurationName = Release;
		};
		1856F2451CF01E1F002615F0 /* Build configuration list for PBXNativeTarget "HootsuiteChat" */ = {
			isa = XCConfigurationList;
			buildConfigurations = (
				1856F2461CF01E1F002615F0 /* Debug */,
				1856F2471CF01E1F002615F0 /* Release */,
			);
			defaultConfigurationIsVisible = 0;
			defaultConfigurationName = Release;
		};
		1856F2481CF01E1F002615F0 /* Build configuration list for PBXNativeTarget "HootsuiteChatTests" */ = {
			isa = XCConfigurationList;
			buildConfigurations = (
				1856F2491CF01E1F002615F0 /* Debug */,
				1856F24A1CF01E1F002615F0 /* Release */,
			);
			defaultConfigurationIsVisible = 0;
			defaultConfigurationName = Release;
		};
/* End XCConfigurationList section */
	};
	rootObject = 1856F2201CF01E1F002615F0 /* Project object */;
}
